{
  "version": 4,
  "terraform_version": "0.12.16",
  "serial": 12,
  "lineage": "431a3989-7510-8c0b-07b2-1c83dcc3c6e6",
  "outputs": {},
  "resources": [
    {
      "mode": "managed",
      "type": "google_sql_database_instance",
      "name": "helloworld",
      "provider": "provider.google",
      "instances": [
        {
          "schema_version": 0,
          "attributes": {
            "connection_name": "turma03-infraagil1:us-central1:database",
            "database_version": "MYSQL_5_7",
            "first_ip_address": "35.239.29.127",
            "id": "database",
            "ip_address": [
              {
                "ip_address": "35.239.29.127",
                "time_to_retire": "",
                "type": "PRIMARY"
              }
            ],
            "master_instance_name": "",
            "name": "database",
            "private_ip_address": "",
            "project": "turma03-infraagil1",
            "public_ip_address": "35.239.29.127",
            "region": "us-central1",
            "replica_configuration": [],
            "self_link": "https://www.googleapis.com/sql/v1beta4/projects/turma03-infraagil1/instances/database",
            "server_ca_cert": [
              {
                "cert": "-----BEGIN CERTIFICATE-----\nMIIDfzCCAmegAwIBAgIBADANBgkqhkiG9w0BAQsFADB3MS0wKwYDVQQuEyQ1NGRk\nMTUxOC0wOTVmLTQzYzYtODcwNy01NGIzMDg5MTQ0NTQxIzAhBgNVBAMTGkdvb2ds\nZSBDbG91ZCBTUUwgU2VydmVyIENBMRQwEgYDVQQKEwtHb29nbGUsIEluYzELMAkG\nA1UEBhMCVVMwHhcNMTkxMjEwMDEzOTMxWhcNMjkxMjA3MDE0MDMxWjB3MS0wKwYD\nVQQuEyQ1NGRkMTUxOC0wOTVmLTQzYzYtODcwNy01NGIzMDg5MTQ0NTQxIzAhBgNV\nBAMTGkdvb2dsZSBDbG91ZCBTUUwgU2VydmVyIENBMRQwEgYDVQQKEwtHb29nbGUs\nIEluYzELMAkGA1UEBhMCVVMwggEiMA0GCSqGSIb3DQEBAQUAA4IBDwAwggEKAoIB\nAQCMfFQ9l9y52VYZEj6E8MuSEJPw7VdPQJanPt27QVI7grfcA8HvGjMNDPrFhpap\n8LklTnUkEV9Ku0Y3u3/HvcDWYq9Ksli5zdC64t2DAfSCOYfkLo2LL1qXc/ibPKTc\nkCE3ZGy1P07b4xHpvNYjVFhn9EnBdeStQJTOd/rlmexU1avwNSEd/gK/LYiS1Wmb\nvA7wOpeUGiA/ptzmpHz6n+wZYkDTwfIIZSf6VK8xLLmZgvN2FTrWix2fYIKcx9NJ\nnXGBY36sK5dlFla5QaoKnVzMnklxuRoTloKngoaxV4bzcfWnGQOIc2fRzO/10nE1\nJZMndpIEWsx6ZX2nMfg5Wat3AgMBAAGjFjAUMBIGA1UdEwEB/wQIMAYBAf8CAQAw\nDQYJKoZIhvcNAQELBQADggEBAEDKTYrP741EaObQNvY7CZ+z1rYW94na5Zui65zp\nW+VBs9kI22OqxoaK6QFYZ4TusdFrhY3RcxElPy1+fQfTrSc98brNLCKsFNvEawUu\nXkKk6vzb0llsvmP5e2dBP+bbMkPkAfGB8+yT0Tv3dl48igy7cDNCt1rXSOcBFt9+\nzPxRi2Sgkm69eY+epQkNI2CrXcKtuy7aweCtKdxD7477mpqci+K0ABB2k3sZmQx7\naief+kU1M3dbyjYZmMr29/6v5I97aotMB8pSsupqikAcPzBGQc066+D7Tvujgrfl\ng0zJeqzyGPOJhFS70jvqbLDa6FzihzGq3UTz2rZuGouedqU=\n-----END CERTIFICATE-----",
                "common_name": "C=US,O=Google\\, Inc,CN=Google Cloud SQL Server CA,dnQualifier=54dd1518-095f-43c6-8707-54b308914454",
                "create_time": "2019-12-10T01:39:31.950Z",
                "expiration_time": "2029-12-07T01:40:31.950Z",
                "sha1_fingerprint": "20e903f4d6ef20e9e197345cd4bf3f7342a753bf"
              }
            ],
            "service_account_email_address": "p832027618327-j94tly@gcp-sa-cloud-sql.iam.gserviceaccount.com",
            "settings": [
              {
                "activation_policy": "ALWAYS",
                "authorized_gae_applications": [],
                "availability_type": "",
                "backup_configuration": [
                  {
                    "binary_log_enabled": false,
                    "enabled": false,
                    "location": "",
                    "start_time": "21:00"
                  }
                ],
                "crash_safe_replication": false,
                "database_flags": [],
                "disk_autoresize": true,
                "disk_size": 10,
                "disk_type": "PD_SSD",
                "ip_configuration": [
                  {
                    "authorized_networks": [],
                    "ipv4_enabled": true,
                    "private_network": "",
                    "require_ssl": false
                  }
                ],
                "location_preference": [
                  {
                    "follow_gae_application": "",
                    "zone": "us-central1-c"
                  }
                ],
                "maintenance_window": [],
                "pricing_plan": "PER_USE",
                "replication_type": "SYNCHRONOUS",
                "tier": "db-f1-micro",
                "user_labels": {},
                "version": 1
              }
            ],
            "timeouts": null
          },
          "private": "eyJlMmJmYjczMC1lY2FhLTExZTYtOGY4OC0zNDM2M2JjN2M0YzAiOnsiY3JlYXRlIjoxMjAwMDAwMDAwMDAwLCJkZWxldGUiOjEyMDAwMDAwMDAwMDAsInVwZGF0ZSI6MTIwMDAwMDAwMDAwMH19"
        }
      ]
    }
  ]
}
